
Microsoft Visual Studio Solution File, Format Version 11.00
# Visual Studio 2010
Project("{E24C65DC-7377-472B-9ABA-BC803B73C61A}") = "hoanmy-html", "hoanmy-html\", "{CF5647D5-9574-4DE0-BFCF-7F9EEF3935F7}"
	ProjectSection(WebsiteProperties) = preProject
		TargetFrameworkMoniker = ".NETFramework,Version%3Dv3.5"
		Debug.AspNetCompiler.VirtualPath = "/hoanmy-html"
		Debug.AspNetCompiler.PhysicalPath = "hoanmy-html\"
		Debug.AspNetCompiler.TargetPath = "PrecompiledWeb\hoanmy-html\"
		Debug.AspNetCompiler.Updateable = "true"
		Debug.AspNetCompiler.ForceOverwrite = "true"
		Debug.AspNetCompiler.FixedNames = "false"
		Debug.AspNetCompiler.Debug = "True"
		Release.AspNetCompiler.VirtualPath = "/hoanmy-html"
		Release.AspNetCompiler.PhysicalPath = "hoanmy-html\"
		Release.AspNetCompiler.TargetPath = "PrecompiledWeb\hoanmy-html\"
		Release.AspNetCompiler.Updateable = "true"
		Release.AspNetCompiler.ForceOverwrite = "true"
		Release.AspNetCompiler.FixedNames = "false"
		Release.AspNetCompiler.Debug = "False"
		VWDPort = "5888"
	EndProjectSection
EndProject
Global
	GlobalSection(SolutionConfigurationPlatforms) = preSolution
		Debug|Any CPU = Debug|Any CPU
	EndGlobalSection
	GlobalSection(ProjectConfigurationPlatforms) = postSolution
		{CF5647D5-9574-4DE0-BFCF-7F9EEF3935F7}.Debug|Any CPU.ActiveCfg = Debug|Any CPU
		{CF5647D5-9574-4DE0-BFCF-7F9EEF3935F7}.Debug|Any CPU.Build.0 = Debug|Any CPU
	EndGlobalSection
	GlobalSection(SolutionProperties) = preSolution
		HideSolutionNode = FALSE
	EndGlobalSection
	GlobalSection(ExtensibilityGlobals) = postSolution
		VisualSVNWorkingCopyRoot = .
	EndGlobalSection
EndGlobal
